# THIS IS AN AUTOGENERATED FILE. DO NOT EDIT THIS FILE DIRECTLY.
# yarn lockfile v1


deep-equal@0.2.1:
  version "0.2.1"
  resolved "https://registry.yarnpkg.com/deep-equal/-/deep-equal-0.2.1.tgz#fad7a793224cbf0c3c7786f92ef780e4fc8cc878"
  integrity sha1-+tenkyJMvww8d4b5LveA5PyMyHg=

extract-featurings@^2.0.0:
  version "2.0.0"
  resolved "https://registry.yarnpkg.com/extract-featurings/-/extract-featurings-2.0.0.tgz#baa588310a6fab814b7b33fed015624265f61290"
  integrity sha1-uqWIMQpvq4FLezP+0BViQmX2EpA=

filereader-stream@^0.2.0:
  version "0.2.0"
  resolved "https://registry.yarnpkg.com/filereader-stream/-/filereader-stream-0.2.0.tgz#16374a202715b640b666ecffd07089938e9ff11f"
  integrity sha1-FjdKICcVtkC2Zuz/0HCJk46f8R8=
  dependencies:
    inherits "1.0.0"

inherits@1.0.0:
  version "1.0.0"
  resolved "https://registry.yarnpkg.com/inherits/-/inherits-1.0.0.tgz#38e1975285bf1f7ba9c84da102bb12771322ac48"
  integrity sha1-OOGXUoW/H3upyE2hArsSdxMirEg=

is-stream@^1.1.0:
  version "1.1.0"
  resolved "https://registry.yarnpkg.com/is-stream/-/is-stream-1.1.0.tgz#12d4a3dd4e68e0b79ceb8dbc84173ae80d91ca44"
  integrity sha1-EtSj3U5o4Lec6428hBc66A2RykQ=

musicmetadata@^2.0.5:
  version "2.0.5"
  resolved "https://registry.yarnpkg.com/musicmetadata/-/musicmetadata-2.0.5.tgz#7ae910d99fbaee05f2bd543aef10b6fbe1f37bd4"
  integrity sha1-eukQ2Z+67gXyvVQ67xC2++Hze9Q=
  dependencies:
    deep-equal "0.2.1"
    filereader-stream "^0.2.0"
    is-stream "^1.1.0"
    strtok2 "~1.0.0"
    through "~2.3.4"

read-id3-tags@^1.1.0:
  version "1.1.0"
  resolved "https://registry.yarnpkg.com/read-id3-tags/-/read-id3-tags-1.1.0.tgz#e41fae290e2cf13621df6a9347dd8371ae383b46"
  integrity sha1-5B+uKQ4s8TYh32qTR92Dca44O0Y=
  dependencies:
    extract-featurings "^2.0.0"
    musicmetadata "^2.0.5"

strtok2@~1.0.0:
  version "1.0.4"
  resolved "https://registry.yarnpkg.com/strtok2/-/strtok2-1.0.4.tgz#df9ffb2e70a3336b4660e267ef0547e610275fc1"
  integrity sha1-35/7LnCjM2tGYOJn7wVH5hAnX8E=

through@~2.3.4:
  version "2.3.8"
  resolved "https://registry.yarnpkg.com/through/-/through-2.3.8.tgz#0dd4c9ffaabc357960b1b724115d7e0e86a2e1f5"
  integrity sha1-DdTJ/6q8NXlgsbckEV1+Doai4fU=
